
Microsoft Visual Studio Solution File, Format Version 12.00
# Visual Studio Version 17
VisualStudioVersion = 17.6.33712.159
MinimumVisualStudioVersion = 10.0.40219.1
Project("{2150E333-8FDC-42A3-9474-1A3956D46DE8}") = "Services", "Services", "{4E4422EC-E25E-4A33-9532-6361BD59CE57}"
EndProject
Project("{2150E333-8FDC-42A3-9474-1A3956D46DE8}") = "Catalog", "Catalog", "{E15451A2-1D30-4B15-95AF-3FB9F23EE7FE}"
EndProject
Project("{9A19103F-16F7-4668-BE54-9A1E7A4F7556}") = "Catalog.API", "Services\Catalog\Catalog.API\Catalog.API.csproj", "{3E7FE27A-C467-428A-ACCE-CDB47DFDA592}"
EndProject
Project("{E53339B2-1760-4266-BCC7-CA923CBCF16C}") = "docker-compose", "docker-compose.dcproj", "{969157BD-5318-4754-A83C-3AE344C36595}"
EndProject
Project("{2150E333-8FDC-42A3-9474-1A3956D46DE8}") = "Basket", "Basket", "{E2887892-51D3-4473-94C2-BD5468B6632B}"
EndProject
Project("{FAE04EC0-301F-11D3-BF4B-00C04F79EFBC}") = "Basket.API", "Services\Basket\Basket.API\Basket.API.csproj", "{68F3C37B-0E3F-4FF3-A1BA-1AB7F952F49A}"
EndProject
Global
	GlobalSection(SolutionConfigurationPlatforms) = preSolution
		Debug|Any CPU = Debug|Any CPU
		Release|Any CPU = Release|Any CPU
	EndGlobalSection
	GlobalSection(ProjectConfigurationPlatforms) = postSolution
		{3E7FE27A-C467-428A-ACCE-CDB47DFDA592}.Debug|Any CPU.ActiveCfg = Debug|Any CPU
		{3E7FE27A-C467-428A-ACCE-CDB47DFDA592}.Debug|Any CPU.Build.0 = Debug|Any CPU
		{3E7FE27A-C467-428A-ACCE-CDB47DFDA592}.Release|Any CPU.ActiveCfg = Release|Any CPU
		{3E7FE27A-C467-428A-ACCE-CDB47DFDA592}.Release|Any CPU.Build.0 = Release|Any CPU
		{969157BD-5318-4754-A83C-3AE344C36595}.Debug|Any CPU.ActiveCfg = Debug|Any CPU
		{969157BD-5318-4754-A83C-3AE344C36595}.Debug|Any CPU.Build.0 = Debug|Any CPU
		{969157BD-5318-4754-A83C-3AE344C36595}.Release|Any CPU.ActiveCfg = Release|Any CPU
		{969157BD-5318-4754-A83C-3AE344C36595}.Release|Any CPU.Build.0 = Release|Any CPU
		{68F3C37B-0E3F-4FF3-A1BA-1AB7F952F49A}.Debug|Any CPU.ActiveCfg = Debug|Any CPU
		{68F3C37B-0E3F-4FF3-A1BA-1AB7F952F49A}.Debug|Any CPU.Build.0 = Debug|Any CPU
		{68F3C37B-0E3F-4FF3-A1BA-1AB7F952F49A}.Release|Any CPU.ActiveCfg = Release|Any CPU
		{68F3C37B-0E3F-4FF3-A1BA-1AB7F952F49A}.Release|Any CPU.Build.0 = Release|Any CPU
	EndGlobalSection
	GlobalSection(SolutionProperties) = preSolution
		HideSolutionNode = FALSE
	EndGlobalSection
	GlobalSection(NestedProjects) = preSolution
		{E15451A2-1D30-4B15-95AF-3FB9F23EE7FE} = {4E4422EC-E25E-4A33-9532-6361BD59CE57}
		{3E7FE27A-C467-428A-ACCE-CDB47DFDA592} = {E15451A2-1D30-4B15-95AF-3FB9F23EE7FE}
		{E2887892-51D3-4473-94C2-BD5468B6632B} = {4E4422EC-E25E-4A33-9532-6361BD59CE57}
		{68F3C37B-0E3F-4FF3-A1BA-1AB7F952F49A} = {E2887892-51D3-4473-94C2-BD5468B6632B}
	EndGlobalSection
	GlobalSection(ExtensibilityGlobals) = postSolution
		SolutionGuid = {82CC021E-6ECB-4777-831F-2B6D458BCDB8}
	EndGlobalSection
EndGlobal
